
Microsoft Visual Studio Solution File, Format Version 12.00
# Visual Studio Version 16
VisualStudioVersion = 16.0.29806.167
MinimumVisualStudioVersion = 10.0.40219.1
Project("{9A19103F-16F7-4668-BE54-9A1E7A4F7556}") = "xam-peripherals", "xam-peripherals\xam-peripherals\xam-peripherals.csproj", "{13F4D355-26BA-41B5-94BD-CD4F6EC857EA}"
EndProject
Project("{FAE04EC0-301F-11D3-BF4B-00C04F79EFBC}") = "xam-peripherals.Android", "xam-peripherals\xam-peripherals.Android\xam-peripherals.Android.csproj", "{D88888B7-C72E-4D4E-B70D-F3F87C943AA8}"
EndProject
Project("{FAE04EC0-301F-11D3-BF4B-00C04F79EFBC}") = "xam-peripherals.iOS", "xam-peripherals\xam-peripherals.iOS\xam-peripherals.iOS.csproj", "{122174F0-FE12-4286-971A-006DEAC1A833}"
EndProject
Global
	GlobalSection(SolutionConfigurationPlatforms) = preSolution
		Debug|Any CPU = Debug|Any CPU
		Debug|iPhone = Debug|iPhone
		Debug|iPhoneSimulator = Debug|iPhoneSimulator
		Release|Any CPU = Release|Any CPU
		Release|iPhone = Release|iPhone
		Release|iPhoneSimulator = Release|iPhoneSimulator
	EndGlobalSection
	GlobalSection(ProjectConfigurationPlatforms) = postSolution
		{13F4D355-26BA-41B5-94BD-CD4F6EC857EA}.Debug|Any CPU.ActiveCfg = Debug|Any CPU
		{13F4D355-26BA-41B5-94BD-CD4F6EC857EA}.Debug|Any CPU.Build.0 = Debug|Any CPU
		{13F4D355-26BA-41B5-94BD-CD4F6EC857EA}.Debug|iPhone.ActiveCfg = Debug|Any CPU
		{13F4D355-26BA-41B5-94BD-CD4F6EC857EA}.Debug|iPhone.Build.0 = Debug|Any CPU
		{13F4D355-26BA-41B5-94BD-CD4F6EC857EA}.Debug|iPhoneSimulator.ActiveCfg = Debug|Any CPU
		{13F4D355-26BA-41B5-94BD-CD4F6EC857EA}.Debug|iPhoneSimulator.Build.0 = Debug|Any CPU
		{13F4D355-26BA-41B5-94BD-CD4F6EC857EA}.Release|Any CPU.ActiveCfg = Release|Any CPU
		{13F4D355-26BA-41B5-94BD-CD4F6EC857EA}.Release|Any CPU.Build.0 = Release|Any CPU
		{13F4D355-26BA-41B5-94BD-CD4F6EC857EA}.Release|iPhone.ActiveCfg = Release|Any CPU
		{13F4D355-26BA-41B5-94BD-CD4F6EC857EA}.Release|iPhone.Build.0 = Release|Any CPU
		{13F4D355-26BA-41B5-94BD-CD4F6EC857EA}.Release|iPhoneSimulator.ActiveCfg = Release|Any CPU
		{13F4D355-26BA-41B5-94BD-CD4F6EC857EA}.Release|iPhoneSimulator.Build.0 = Release|Any CPU
		{D88888B7-C72E-4D4E-B70D-F3F87C943AA8}.Debug|Any CPU.ActiveCfg = Debug|Any CPU
		{D88888B7-C72E-4D4E-B70D-F3F87C943AA8}.Debug|Any CPU.Build.0 = Debug|Any CPU
		{D88888B7-C72E-4D4E-B70D-F3F87C943AA8}.Debug|Any CPU.Deploy.0 = Debug|Any CPU
		{D88888B7-C72E-4D4E-B70D-F3F87C943AA8}.Debug|iPhone.ActiveCfg = Debug|Any CPU
		{D88888B7-C72E-4D4E-B70D-F3F87C943AA8}.Debug|iPhoneSimulator.ActiveCfg = Debug|Any CPU
		{D88888B7-C72E-4D4E-B70D-F3F87C943AA8}.Release|Any CPU.ActiveCfg = Release|Any CPU
		{D88888B7-C72E-4D4E-B70D-F3F87C943AA8}.Release|Any CPU.Build.0 = Release|Any CPU
		{D88888B7-C72E-4D4E-B70D-F3F87C943AA8}.Release|Any CPU.Deploy.0 = Release|Any CPU
		{D88888B7-C72E-4D4E-B70D-F3F87C943AA8}.Release|iPhone.ActiveCfg = Release|Any CPU
		{D88888B7-C72E-4D4E-B70D-F3F87C943AA8}.Release|iPhone.Build.0 = Release|Any CPU
		{D88888B7-C72E-4D4E-B70D-F3F87C943AA8}.Release|iPhone.Deploy.0 = Release|Any CPU
		{D88888B7-C72E-4D4E-B70D-F3F87C943AA8}.Release|iPhoneSimulator.ActiveCfg = Release|Any CPU
		{D88888B7-C72E-4D4E-B70D-F3F87C943AA8}.Release|iPhoneSimulator.Build.0 = Release|Any CPU
		{D88888B7-C72E-4D4E-B70D-F3F87C943AA8}.Release|iPhoneSimulator.Deploy.0 = Release|Any CPU
		{122174F0-FE12-4286-971A-006DEAC1A833}.Debug|Any CPU.ActiveCfg = Debug|iPhoneSimulator
		{122174F0-FE12-4286-971A-006DEAC1A833}.Debug|iPhone.ActiveCfg = Debug|iPhone
		{122174F0-FE12-4286-971A-006DEAC1A833}.Debug|iPhone.Build.0 = Debug|iPhone
		{122174F0-FE12-4286-971A-006DEAC1A833}.Debug|iPhoneSimulator.ActiveCfg = Debug|iPhoneSimulator
		{122174F0-FE12-4286-971A-006DEAC1A833}.Debug|iPhoneSimulator.Build.0 = Debug|iPhoneSimulator
		{122174F0-FE12-4286-971A-006DEAC1A833}.Release|Any CPU.ActiveCfg = Release|iPhoneSimulator
		{122174F0-FE12-4286-971A-006DEAC1A833}.Release|iPhone.ActiveCfg = Release|iPhone
		{122174F0-FE12-4286-971A-006DEAC1A833}.Release|iPhone.Build.0 = Release|iPhone
		{122174F0-FE12-4286-971A-006DEAC1A833}.Release|iPhoneSimulator.ActiveCfg = Release|iPhoneSimulator
		{122174F0-FE12-4286-971A-006DEAC1A833}.Release|iPhoneSimulator.Build.0 = Release|iPhoneSimulator
	EndGlobalSection
	GlobalSection(SolutionProperties) = preSolution
		HideSolutionNode = FALSE
	EndGlobalSection
	GlobalSection(ExtensibilityGlobals) = postSolution
		SolutionGuid = {6E6D0D5F-9159-412C-949C-6371CB108AC6}
	EndGlobalSection
EndGlobal
